
Microsoft Visual Studio Solution File, Format Version 12.00
# Visual Studio 15
VisualStudioVersion = 15.0.28307.572
MinimumVisualStudioVersion = 10.0.40219.1
Project("{FAE04EC0-301F-11D3-BF4B-00C04F79EFBC}") = "SfNumericTextBox_RemovePadding.Android", "SfNumericTextBox_RemovePadding\SfNumericTextBox_RemovePadding.Android\SfNumericTextBox_RemovePadding.Android.csproj", "{050107F8-7477-4FEA-98F6-BFC12FCD503C}"
EndProject
Project("{FAE04EC0-301F-11D3-BF4B-00C04F79EFBC}") = "SfNumericTextBox_RemovePadding.iOS", "SfNumericTextBox_RemovePadding\SfNumericTextBox_RemovePadding.iOS\SfNumericTextBox_RemovePadding.iOS.csproj", "{6706FF81-FF70-435C-9537-45BABC4AB8AB}"
EndProject
Project("{FAE04EC0-301F-11D3-BF4B-00C04F79EFBC}") = "SfNumericTextBox_RemovePadding.UWP", "SfNumericTextBox_RemovePadding\SfNumericTextBox_RemovePadding.UWP\SfNumericTextBox_RemovePadding.UWP.csproj", "{67914DB8-1CDB-4CC5-9FF9-D296F7082A8A}"
EndProject
Project("{FAE04EC0-301F-11D3-BF4B-00C04F79EFBC}") = "SfNumericTextBox_RemovePadding", "SfNumericTextBox_RemovePadding\SfNumericTextBox_RemovePadding\SfNumericTextBox_RemovePadding.csproj", "{63703D03-01E8-457E-AA87-041309AC5026}"
EndProject
Global
	GlobalSection(SolutionConfigurationPlatforms) = preSolution
		Ad-Hoc|Any CPU = Ad-Hoc|Any CPU
		Ad-Hoc|ARM = Ad-Hoc|ARM
		Ad-Hoc|iPhone = Ad-Hoc|iPhone
		Ad-Hoc|iPhoneSimulator = Ad-Hoc|iPhoneSimulator
		Ad-Hoc|x64 = Ad-Hoc|x64
		Ad-Hoc|x86 = Ad-Hoc|x86
		AppStore|Any CPU = AppStore|Any CPU
		AppStore|ARM = AppStore|ARM
		AppStore|iPhone = AppStore|iPhone
		AppStore|iPhoneSimulator = AppStore|iPhoneSimulator
		AppStore|x64 = AppStore|x64
		AppStore|x86 = AppStore|x86
		Debug|Any CPU = Debug|Any CPU
		Debug|ARM = Debug|ARM
		Debug|iPhone = Debug|iPhone
		Debug|iPhoneSimulator = Debug|iPhoneSimulator
		Debug|x64 = Debug|x64
		Debug|x86 = Debug|x86
		Release|Any CPU = Release|Any CPU
		Release|ARM = Release|ARM
		Release|iPhone = Release|iPhone
		Release|iPhoneSimulator = Release|iPhoneSimulator
		Release|x64 = Release|x64
		Release|x86 = Release|x86
	EndGlobalSection
	GlobalSection(ProjectConfigurationPlatforms) = postSolution
		{050107F8-7477-4FEA-98F6-BFC12FCD503C}.Ad-Hoc|Any CPU.ActiveCfg = Release|Any CPU
		{050107F8-7477-4FEA-98F6-BFC12FCD503C}.Ad-Hoc|Any CPU.Build.0 = Release|Any CPU
		{050107F8-7477-4FEA-98F6-BFC12FCD503C}.Ad-Hoc|Any CPU.Deploy.0 = Release|Any CPU
		{050107F8-7477-4FEA-98F6-BFC12FCD503C}.Ad-Hoc|ARM.ActiveCfg = Release|Any CPU
		{050107F8-7477-4FEA-98F6-BFC12FCD503C}.Ad-Hoc|ARM.Build.0 = Release|Any CPU
		{050107F8-7477-4FEA-98F6-BFC12FCD503C}.Ad-Hoc|ARM.Deploy.0 = Release|Any CPU
		{050107F8-7477-4FEA-98F6-BFC12FCD503C}.Ad-Hoc|iPhone.ActiveCfg = Release|Any CPU
		{050107F8-7477-4FEA-98F6-BFC12FCD503C}.Ad-Hoc|iPhone.Build.0 = Release|Any CPU
		{050107F8-7477-4FEA-98F6-BFC12FCD503C}.Ad-Hoc|iPhone.Deploy.0 = Release|Any CPU
		{050107F8-7477-4FEA-98F6-BFC12FCD503C}.Ad-Hoc|iPhoneSimulator.ActiveCfg = Release|Any CPU
		{050107F8-7477-4FEA-98F6-BFC12FCD503C}.Ad-Hoc|iPhoneSimulator.Build.0 = Release|Any CPU
		{050107F8-7477-4FEA-98F6-BFC12FCD503C}.Ad-Hoc|iPhoneSimulator.Deploy.0 = Release|Any CPU
		{050107F8-7477-4FEA-98F6-BFC12FCD503C}.Ad-Hoc|x64.ActiveCfg = Release|Any CPU
		{050107F8-7477-4FEA-98F6-BFC12FCD503C}.Ad-Hoc|x64.Build.0 = Release|Any CPU
		{050107F8-7477-4FEA-98F6-BFC12FCD503C}.Ad-Hoc|x64.Deploy.0 = Release|Any CPU
		{050107F8-7477-4FEA-98F6-BFC12FCD503C}.Ad-Hoc|x86.ActiveCfg = Release|Any CPU
		{050107F8-7477-4FEA-98F6-BFC12FCD503C}.Ad-Hoc|x86.Build.0 = Release|Any CPU
		{050107F8-7477-4FEA-98F6-BFC12FCD503C}.Ad-Hoc|x86.Deploy.0 = Release|Any CPU
		{050107F8-7477-4FEA-98F6-BFC12FCD503C}.AppStore|Any CPU.ActiveCfg = Release|Any CPU
		{050107F8-7477-4FEA-98F6-BFC12FCD503C}.AppStore|Any CPU.Build.0 = Release|Any CPU
		{050107F8-7477-4FEA-98F6-BFC12FCD503C}.AppStore|Any CPU.Deploy.0 = Release|Any CPU
		{050107F8-7477-4FEA-98F6-BFC12FCD503C}.AppStore|ARM.ActiveCfg = Release|Any CPU
		{050107F8-7477-4FEA-98F6-BFC12FCD503C}.AppStore|ARM.Build.0 = Release|Any CPU
		{050107F8-7477-4FEA-98F6-BFC12FCD503C}.AppStore|ARM.Deploy.0 = Release|Any CPU
		{050107F8-7477-4FEA-98F6-BFC12FCD503C}.AppStore|iPhone.ActiveCfg = Release|Any CPU
		{050107F8-7477-4FEA-98F6-BFC12FCD503C}.AppStore|iPhone.Build.0 = Release|Any CPU
		{050107F8-7477-4FEA-98F6-BFC12FCD503C}.AppStore|iPhone.Deploy.0 = Release|Any CPU
		{050107F8-7477-4FEA-98F6-BFC12FCD503C}.AppStore|iPhoneSimulator.ActiveCfg = Release|Any CPU
		{050107F8-7477-4FEA-98F6-BFC12FCD503C}.AppStore|iPhoneSimulator.Build.0 = Release|Any CPU
		{050107F8-7477-4FEA-98F6-BFC12FCD503C}.AppStore|iPhoneSimulator.Deploy.0 = Release|Any CPU
		{050107F8-7477-4FEA-98F6-BFC12FCD503C}.AppStore|x64.ActiveCfg = Release|Any CPU
		{050107F8-7477-4FEA-98F6-BFC12FCD503C}.AppStore|x64.Build.0 = Release|Any CPU
		{050107F8-7477-4FEA-98F6-BFC12FCD503C}.AppStore|x64.Deploy.0 = Release|Any CPU
		{050107F8-7477-4FEA-98F6-BFC12FCD503C}.AppStore|x86.ActiveCfg = Release|Any CPU
		{050107F8-7477-4FEA-98F6-BFC12FCD503C}.AppStore|x86.Build.0 = Release|Any CPU
		{050107F8-7477-4FEA-98F6-BFC12FCD503C}.AppStore|x86.Deploy.0 = Release|Any CPU
		{050107F8-7477-4FEA-98F6-BFC12FCD503C}.Debug|Any CPU.ActiveCfg = Debug|Any CPU
		{050107F8-7477-4FEA-98F6-BFC12FCD503C}.Debug|Any CPU.Build.0 = Debug|Any CPU
		{050107F8-7477-4FEA-98F6-BFC12FCD503C}.Debug|Any CPU.Deploy.0 = Debug|Any CPU
		{050107F8-7477-4FEA-98F6-BFC12FCD503C}.Debug|ARM.ActiveCfg = Debug|Any CPU
		{050107F8-7477-4FEA-98F6-BFC12FCD503C}.Debug|ARM.Build.0 = Debug|Any CPU
		{050107F8-7477-4FEA-98F6-BFC12FCD503C}.Debug|ARM.Deploy.0 = Debug|Any CPU
		{050107F8-7477-4FEA-98F6-BFC12FCD503C}.Debug|iPhone.ActiveCfg = Debug|Any CPU
		{050107F8-7477-4FEA-98F6-BFC12FCD503C}.Debug|iPhone.Build.0 = Debug|Any CPU
		{050107F8-7477-4FEA-98F6-BFC12FCD503C}.Debug|iPhone.Deploy.0 = Debug|Any CPU
		{050107F8-7477-4FEA-98F6-BFC12FCD503C}.Debug|iPhoneSimulator.ActiveCfg = Debug|Any CPU
		{050107F8-7477-4FEA-98F6-BFC12FCD503C}.Debug|iPhoneSimulator.Build.0 = Debug|Any CPU
		{050107F8-7477-4FEA-98F6-BFC12FCD503C}.Debug|iPhoneSimulator.Deploy.0 = Debug|Any CPU
		{050107F8-7477-4FEA-98F6-BFC12FCD503C}.Debug|x64.ActiveCfg = Debug|Any CPU
		{050107F8-7477-4FEA-98F6-BFC12FCD503C}.Debug|x64.Build.0 = Debug|Any CPU
		{050107F8-7477-4FEA-98F6-BFC12FCD503C}.Debug|x64.Deploy.0 = Debug|Any CPU
		{050107F8-7477-4FEA-98F6-BFC12FCD503C}.Debug|x86.ActiveCfg = Debug|Any CPU
		{050107F8-7477-4FEA-98F6-BFC12FCD503C}.Debug|x86.Build.0 = Debug|Any CPU
		{050107F8-7477-4FEA-98F6-BFC12FCD503C}.Debug|x86.Deploy.0 = Debug|Any CPU
		{050107F8-7477-4FEA-98F6-BFC12FCD503C}.Release|Any CPU.ActiveCfg = Release|Any CPU
		{050107F8-7477-4FEA-98F6-BFC12FCD503C}.Release|Any CPU.Build.0 = Release|Any CPU
		{050107F8-7477-4FEA-98F6-BFC12FCD503C}.Release|Any CPU.Deploy.0 = Release|Any CPU
		{050107F8-7477-4FEA-98F6-BFC12FCD503C}.Release|ARM.ActiveCfg = Release|Any CPU
		{050107F8-7477-4FEA-98F6-BFC12FCD503C}.Release|ARM.Build.0 = Release|Any CPU
		{050107F8-7477-4FEA-98F6-BFC12FCD503C}.Release|ARM.Deploy.0 = Release|Any CPU
		{050107F8-7477-4FEA-98F6-BFC12FCD503C}.Release|iPhone.ActiveCfg = Release|Any CPU
		{050107F8-7477-4FEA-98F6-BFC12FCD503C}.Release|iPhone.Build.0 = Release|Any CPU
		{050107F8-7477-4FEA-98F6-BFC12FCD503C}.Release|iPhone.Deploy.0 = Release|Any CPU
		{050107F8-7477-4FEA-98F6-BFC12FCD503C}.Release|iPhoneSimulator.ActiveCfg = Release|Any CPU
		{050107F8-7477-4FEA-98F6-BFC12FCD503C}.Release|iPhoneSimulator.Build.0 = Release|Any CPU
		{050107F8-7477-4FEA-98F6-BFC12FCD503C}.Release|iPhoneSimulator.Deploy.0 = Release|Any CPU
		{050107F8-7477-4FEA-98F6-BFC12FCD503C}.Release|x64.ActiveCfg = Release|Any CPU
		{050107F8-7477-4FEA-98F6-BFC12FCD503C}.Release|x64.Build.0 = Release|Any CPU
		{050107F8-7477-4FEA-98F6-BFC12FCD503C}.Release|x64.Deploy.0 = Release|Any CPU
		{050107F8-7477-4FEA-98F6-BFC12FCD503C}.Release|x86.ActiveCfg = Release|Any CPU
		{050107F8-7477-4FEA-98F6-BFC12FCD503C}.Release|x86.Build.0 = Release|Any CPU
		{050107F8-7477-4FEA-98F6-BFC12FCD503C}.Release|x86.Deploy.0 = Release|Any CPU
		{6706FF81-FF70-435C-9537-45BABC4AB8AB}.Ad-Hoc|Any CPU.ActiveCfg = Ad-Hoc|iPhone
		{6706FF81-FF70-435C-9537-45BABC4AB8AB}.Ad-Hoc|Any CPU.Build.0 = Ad-Hoc|iPhone
		{6706FF81-FF70-435C-9537-45BABC4AB8AB}.Ad-Hoc|Any CPU.Deploy.0 = Ad-Hoc|iPhone
		{6706FF81-FF70-435C-9537-45BABC4AB8AB}.Ad-Hoc|ARM.ActiveCfg = Ad-Hoc|iPhone
		{6706FF81-FF70-435C-9537-45BABC4AB8AB}.Ad-Hoc|ARM.Build.0 = Ad-Hoc|iPhone
		{6706FF81-FF70-435C-9537-45BABC4AB8AB}.Ad-Hoc|ARM.Deploy.0 = Ad-Hoc|iPhone
		{6706FF81-FF70-435C-9537-45BABC4AB8AB}.Ad-Hoc|iPhone.ActiveCfg = Ad-Hoc|iPhone
		{6706FF81-FF70-435C-9537-45BABC4AB8AB}.Ad-Hoc|iPhone.Build.0 = Ad-Hoc|iPhone
		{6706FF81-FF70-435C-9537-45BABC4AB8AB}.Ad-Hoc|iPhone.Deploy.0 = Ad-Hoc|iPhone
		{6706FF81-FF70-435C-9537-45BABC4AB8AB}.Ad-Hoc|iPhoneSimulator.ActiveCfg = Ad-Hoc|iPhoneSimulator
		{6706FF81-FF70-435C-9537-45BABC4AB8AB}.Ad-Hoc|iPhoneSimulator.Build.0 = Ad-Hoc|iPhoneSimulator
		{6706FF81-FF70-435C-9537-45BABC4AB8AB}.Ad-Hoc|iPhoneSimulator.Deploy.0 = Ad-Hoc|iPhoneSimulator
		{6706FF81-FF70-435C-9537-45BABC4AB8AB}.Ad-Hoc|x64.ActiveCfg = Ad-Hoc|iPhone
		{6706FF81-FF70-435C-9537-45BABC4AB8AB}.Ad-Hoc|x64.Build.0 = Ad-Hoc|iPhone
		{6706FF81-FF70-435C-9537-45BABC4AB8AB}.Ad-Hoc|x64.Deploy.0 = Ad-Hoc|iPhone
		{6706FF81-FF70-435C-9537-45BABC4AB8AB}.Ad-Hoc|x86.ActiveCfg = Ad-Hoc|iPhone
		{6706FF81-FF70-435C-9537-45BABC4AB8AB}.Ad-Hoc|x86.Build.0 = Ad-Hoc|iPhone
		{6706FF81-FF70-435C-9537-45BABC4AB8AB}.Ad-Hoc|x86.Deploy.0 = Ad-Hoc|iPhone
		{6706FF81-FF70-435C-9537-45BABC4AB8AB}.AppStore|Any CPU.ActiveCfg = AppStore|iPhone
		{6706FF81-FF70-435C-9537-45BABC4AB8AB}.AppStore|Any CPU.Build.0 = AppStore|iPhone
		{6706FF81-FF70-435C-9537-45BABC4AB8AB}.AppStore|Any CPU.Deploy.0 = AppStore|iPhone
		{6706FF81-FF70-435C-9537-45BABC4AB8AB}.AppStore|ARM.ActiveCfg = AppStore|iPhone
		{6706FF81-FF70-435C-9537-45BABC4AB8AB}.AppStore|ARM.Build.0 = AppStore|iPhone
		{6706FF81-FF70-435C-9537-45BABC4AB8AB}.AppStore|ARM.Deploy.0 = AppStore|iPhone
		{6706FF81-FF70-435C-9537-45BABC4AB8AB}.AppStore|iPhone.ActiveCfg = AppStore|iPhone
		{6706FF81-FF70-435C-9537-45BABC4AB8AB}.AppStore|iPhone.Build.0 = AppStore|iPhone
		{6706FF81-FF70-435C-9537-45BABC4AB8AB}.AppStore|iPhone.Deploy.0 = AppStore|iPhone
		{6706FF81-FF70-435C-9537-45BABC4AB8AB}.AppStore|iPhoneSimulator.ActiveCfg = AppStore|iPhoneSimulator
		{6706FF81-FF70-435C-9537-45BABC4AB8AB}.AppStore|iPhoneSimulator.Build.0 = AppStore|iPhoneSimulator
		{6706FF81-FF70-435C-9537-45BABC4AB8AB}.AppStore|iPhoneSimulator.Deploy.0 = AppStore|iPhoneSimulator
		{6706FF81-FF70-435C-9537-45BABC4AB8AB}.AppStore|x64.ActiveCfg = AppStore|iPhone
		{6706FF81-FF70-435C-9537-45BABC4AB8AB}.AppStore|x64.Build.0 = AppStore|iPhone
		{6706FF81-FF70-435C-9537-45BABC4AB8AB}.AppStore|x64.Deploy.0 = AppStore|iPhone
		{6706FF81-FF70-435C-9537-45BABC4AB8AB}.AppStore|x86.ActiveCfg = AppStore|iPhone
		{6706FF81-FF70-435C-9537-45BABC4AB8AB}.AppStore|x86.Build.0 = AppStore|iPhone
		{6706FF81-FF70-435C-9537-45BABC4AB8AB}.AppStore|x86.Deploy.0 = AppStore|iPhone
		{6706FF81-FF70-435C-9537-45BABC4AB8AB}.Debug|Any CPU.ActiveCfg = Debug|iPhoneSimulator
		{6706FF81-FF70-435C-9537-45BABC4AB8AB}.Debug|Any CPU.Build.0 = Debug|iPhoneSimulator
		{6706FF81-FF70-435C-9537-45BABC4AB8AB}.Debug|Any CPU.Deploy.0 = Debug|iPhoneSimulator
		{6706FF81-FF70-435C-9537-45BABC4AB8AB}.Debug|ARM.ActiveCfg = Debug|iPhone
		{6706FF81-FF70-435C-9537-45BABC4AB8AB}.Debug|ARM.Build.0 = Debug|iPhone
		{6706FF81-FF70-435C-9537-45BABC4AB8AB}.Debug|ARM.Deploy.0 = Debug|iPhone
		{6706FF81-FF70-435C-9537-45BABC4AB8AB}.Debug|iPhone.ActiveCfg = Debug|iPhone
		{6706FF81-FF70-435C-9537-45BABC4AB8AB}.Debug|iPhone.Build.0 = Debug|iPhone
		{6706FF81-FF70-435C-9537-45BABC4AB8AB}.Debug|iPhone.Deploy.0 = Debug|iPhone
		{6706FF81-FF70-435C-9537-45BABC4AB8AB}.Debug|iPhoneSimulator.ActiveCfg = Debug|iPhoneSimulator
		{6706FF81-FF70-435C-9537-45BABC4AB8AB}.Debug|iPhoneSimulator.Build.0 = Debug|iPhoneSimulator
		{6706FF81-FF70-435C-9537-45BABC4AB8AB}.Debug|iPhoneSimulator.Deploy.0 = Debug|iPhoneSimulator
		{6706FF81-FF70-435C-9537-45BABC4AB8AB}.Debug|x64.ActiveCfg = Debug|iPhone
		{6706FF81-FF70-435C-9537-45BABC4AB8AB}.Debug|x64.Build.0 = Debug|iPhone
		{6706FF81-FF70-435C-9537-45BABC4AB8AB}.Debug|x64.Deploy.0 = Debug|iPhone
		{6706FF81-FF70-435C-9537-45BABC4AB8AB}.Debug|x86.ActiveCfg = Debug|iPhone
		{6706FF81-FF70-435C-9537-45BABC4AB8AB}.Debug|x86.Build.0 = Debug|iPhone
		{6706FF81-FF70-435C-9537-45BABC4AB8AB}.Debug|x86.Deploy.0 = Debug|iPhone
		{6706FF81-FF70-435C-9537-45BABC4AB8AB}.Release|Any CPU.ActiveCfg = Release|iPhone
		{6706FF81-FF70-435C-9537-45BABC4AB8AB}.Release|Any CPU.Build.0 = Release|iPhone
		{6706FF81-FF70-435C-9537-45BABC4AB8AB}.Release|Any CPU.Deploy.0 = Release|iPhone
		{6706FF81-FF70-435C-9537-45BABC4AB8AB}.Release|ARM.ActiveCfg = Release|iPhone
		{6706FF81-FF70-435C-9537-45BABC4AB8AB}.Release|ARM.Build.0 = Release|iPhone
		{6706FF81-FF70-435C-9537-45BABC4AB8AB}.Release|ARM.Deploy.0 = Release|iPhone
		{6706FF81-FF70-435C-9537-45BABC4AB8AB}.Release|iPhone.ActiveCfg = Release|iPhone
		{6706FF81-FF70-435C-9537-45BABC4AB8AB}.Release|iPhone.Build.0 = Release|iPhone
		{6706FF81-FF70-435C-9537-45BABC4AB8AB}.Release|iPhone.Deploy.0 = Release|iPhone
		{6706FF81-FF70-435C-9537-45BABC4AB8AB}.Release|iPhoneSimulator.ActiveCfg = Release|iPhoneSimulator
		{6706FF81-FF70-435C-9537-45BABC4AB8AB}.Release|iPhoneSimulator.Build.0 = Release|iPhoneSimulator
		{6706FF81-FF70-435C-9537-45BABC4AB8AB}.Release|iPhoneSimulator.Deploy.0 = Release|iPhoneSimulator
		{6706FF81-FF70-435C-9537-45BABC4AB8AB}.Release|x64.ActiveCfg = Release|iPhone
		{6706FF81-FF70-435C-9537-45BABC4AB8AB}.Release|x64.Build.0 = Release|iPhone
		{6706FF81-FF70-435C-9537-45BABC4AB8AB}.Release|x64.Deploy.0 = Release|iPhone
		{6706FF81-FF70-435C-9537-45BABC4AB8AB}.Release|x86.ActiveCfg = Release|iPhone
		{6706FF81-FF70-435C-9537-45BABC4AB8AB}.Release|x86.Build.0 = Release|iPhone
		{6706FF81-FF70-435C-9537-45BABC4AB8AB}.Release|x86.Deploy.0 = Release|iPhone
		{67914DB8-1CDB-4CC5-9FF9-D296F7082A8A}.Ad-Hoc|Any CPU.ActiveCfg = Release|x86
		{67914DB8-1CDB-4CC5-9FF9-D296F7082A8A}.Ad-Hoc|Any CPU.Build.0 = Release|x86
		{67914DB8-1CDB-4CC5-9FF9-D296F7082A8A}.Ad-Hoc|Any CPU.Deploy.0 = Release|x86
		{67914DB8-1CDB-4CC5-9FF9-D296F7082A8A}.Ad-Hoc|ARM.ActiveCfg = Release|ARM
		{67914DB8-1CDB-4CC5-9FF9-D296F7082A8A}.Ad-Hoc|ARM.Build.0 = Release|ARM
		{67914DB8-1CDB-4CC5-9FF9-D296F7082A8A}.Ad-Hoc|ARM.Deploy.0 = Release|ARM
		{67914DB8-1CDB-4CC5-9FF9-D296F7082A8A}.Ad-Hoc|iPhone.ActiveCfg = Release|x86
		{67914DB8-1CDB-4CC5-9FF9-D296F7082A8A}.Ad-Hoc|iPhone.Build.0 = Release|x86
		{67914DB8-1CDB-4CC5-9FF9-D296F7082A8A}.Ad-Hoc|iPhone.Deploy.0 = Release|x86
		{67914DB8-1CDB-4CC5-9FF9-D296F7082A8A}.Ad-Hoc|iPhoneSimulator.ActiveCfg = Release|x86
		{67914DB8-1CDB-4CC5-9FF9-D296F7082A8A}.Ad-Hoc|iPhoneSimulator.Build.0 = Release|x86
		{67914DB8-1CDB-4CC5-9FF9-D296F7082A8A}.Ad-Hoc|iPhoneSimulator.Deploy.0 = Release|x86
		{67914DB8-1CDB-4CC5-9FF9-D296F7082A8A}.Ad-Hoc|x64.ActiveCfg = Release|x64
		{67914DB8-1CDB-4CC5-9FF9-D296F7082A8A}.Ad-Hoc|x64.Build.0 = Release|x64
		{67914DB8-1CDB-4CC5-9FF9-D296F7082A8A}.Ad-Hoc|x64.Deploy.0 = Release|x64
		{67914DB8-1CDB-4CC5-9FF9-D296F7082A8A}.Ad-Hoc|x86.ActiveCfg = Release|x86
		{67914DB8-1CDB-4CC5-9FF9-D296F7082A8A}.Ad-Hoc|x86.Build.0 = Release|x86
		{67914DB8-1CDB-4CC5-9FF9-D296F7082A8A}.Ad-Hoc|x86.Deploy.0 = Release|x86
		{67914DB8-1CDB-4CC5-9FF9-D296F7082A8A}.AppStore|Any CPU.ActiveCfg = Release|x86
		{67914DB8-1CDB-4CC5-9FF9-D296F7082A8A}.AppStore|Any CPU.Build.0 = Release|x86
		{67914DB8-1CDB-4CC5-9FF9-D296F7082A8A}.AppStore|Any CPU.Deploy.0 = Release|x86
		{67914DB8-1CDB-4CC5-9FF9-D296F7082A8A}.AppStore|ARM.ActiveCfg = Release|ARM
		{67914DB8-1CDB-4CC5-9FF9-D296F7082A8A}.AppStore|ARM.Build.0 = Release|ARM
		{67914DB8-1CDB-4CC5-9FF9-D296F7082A8A}.AppStore|ARM.Deploy.0 = Release|ARM
		{67914DB8-1CDB-4CC5-9FF9-D296F7082A8A}.AppStore|iPhone.ActiveCfg = Release|x86
		{67914DB8-1CDB-4CC5-9FF9-D296F7082A8A}.AppStore|iPhone.Build.0 = Release|x86
		{67914DB8-1CDB-4CC5-9FF9-D296F7082A8A}.AppStore|iPhone.Deploy.0 = Release|x86
		{67914DB8-1CDB-4CC5-9FF9-D296F7082A8A}.AppStore|iPhoneSimulator.ActiveCfg = Release|x86
		{67914DB8-1CDB-4CC5-9FF9-D296F7082A8A}.AppStore|iPhoneSimulator.Build.0 = Release|x86
		{67914DB8-1CDB-4CC5-9FF9-D296F7082A8A}.AppStore|iPhoneSimulator.Deploy.0 = Release|x86
		{67914DB8-1CDB-4CC5-9FF9-D296F7082A8A}.AppStore|x64.ActiveCfg = Release|x64
		{67914DB8-1CDB-4CC5-9FF9-D296F7082A8A}.AppStore|x64.Build.0 = Release|x64
		{67914DB8-1CDB-4CC5-9FF9-D296F7082A8A}.AppStore|x64.Deploy.0 = Release|x64
		{67914DB8-1CDB-4CC5-9FF9-D296F7082A8A}.AppStore|x86.ActiveCfg = Release|x86
		{67914DB8-1CDB-4CC5-9FF9-D296F7082A8A}.AppStore|x86.Build.0 = Release|x86
		{67914DB8-1CDB-4CC5-9FF9-D296F7082A8A}.AppStore|x86.Deploy.0 = Release|x86
		{67914DB8-1CDB-4CC5-9FF9-D296F7082A8A}.Debug|Any CPU.ActiveCfg = Debug|x86
		{67914DB8-1CDB-4CC5-9FF9-D296F7082A8A}.Debug|Any CPU.Build.0 = Debug|x86
		{67914DB8-1CDB-4CC5-9FF9-D296F7082A8A}.Debug|Any CPU.Deploy.0 = Debug|x86
		{67914DB8-1CDB-4CC5-9FF9-D296F7082A8A}.Debug|ARM.ActiveCfg = Debug|ARM
		{67914DB8-1CDB-4CC5-9FF9-D296F7082A8A}.Debug|ARM.Build.0 = Debug|ARM
		{67914DB8-1CDB-4CC5-9FF9-D296F7082A8A}.Debug|ARM.Deploy.0 = Debug|ARM
		{67914DB8-1CDB-4CC5-9FF9-D296F7082A8A}.Debug|iPhone.ActiveCfg = Debug|x86
		{67914DB8-1CDB-4CC5-9FF9-D296F7082A8A}.Debug|iPhone.Build.0 = Debug|x86
		{67914DB8-1CDB-4CC5-9FF9-D296F7082A8A}.Debug|iPhone.Deploy.0 = Debug|x86
		{67914DB8-1CDB-4CC5-9FF9-D296F7082A8A}.Debug|iPhoneSimulator.ActiveCfg = Debug|x86
		{67914DB8-1CDB-4CC5-9FF9-D296F7082A8A}.Debug|iPhoneSimulator.Build.0 = Debug|x86
		{67914DB8-1CDB-4CC5-9FF9-D296F7082A8A}.Debug|iPhoneSimulator.Deploy.0 = Debug|x86
		{67914DB8-1CDB-4CC5-9FF9-D296F7082A8A}.Debug|x64.ActiveCfg = Debug|x64
		{67914DB8-1CDB-4CC5-9FF9-D296F7082A8A}.Debug|x64.Build.0 = Debug|x64
		{67914DB8-1CDB-4CC5-9FF9-D296F7082A8A}.Debug|x64.Deploy.0 = Debug|x64
		{67914DB8-1CDB-4CC5-9FF9-D296F7082A8A}.Debug|x86.ActiveCfg = Debug|x86
		{67914DB8-1CDB-4CC5-9FF9-D296F7082A8A}.Debug|x86.Build.0 = Debug|x86
		{67914DB8-1CDB-4CC5-9FF9-D296F7082A8A}.Debug|x86.Deploy.0 = Debug|x86
		{67914DB8-1CDB-4CC5-9FF9-D296F7082A8A}.Release|Any CPU.ActiveCfg = Release|x86
		{67914DB8-1CDB-4CC5-9FF9-D296F7082A8A}.Release|Any CPU.Build.0 = Release|x86
		{67914DB8-1CDB-4CC5-9FF9-D296F7082A8A}.Release|Any CPU.Deploy.0 = Release|x86
		{67914DB8-1CDB-4CC5-9FF9-D296F7082A8A}.Release|ARM.ActiveCfg = Release|ARM
		{67914DB8-1CDB-4CC5-9FF9-D296F7082A8A}.Release|ARM.Build.0 = Release|ARM
		{67914DB8-1CDB-4CC5-9FF9-D296F7082A8A}.Release|ARM.Deploy.0 = Release|ARM
		{67914DB8-1CDB-4CC5-9FF9-D296F7082A8A}.Release|iPhone.ActiveCfg = Release|x86
		{67914DB8-1CDB-4CC5-9FF9-D296F7082A8A}.Release|iPhone.Build.0 = Release|x86
		{67914DB8-1CDB-4CC5-9FF9-D296F7082A8A}.Release|iPhone.Deploy.0 = Release|x86
		{67914DB8-1CDB-4CC5-9FF9-D296F7082A8A}.Release|iPhoneSimulator.ActiveCfg = Release|x86
		{67914DB8-1CDB-4CC5-9FF9-D296F7082A8A}.Release|iPhoneSimulator.Build.0 = Release|x86
		{67914DB8-1CDB-4CC5-9FF9-D296F7082A8A}.Release|iPhoneSimulator.Deploy.0 = Release|x86
		{67914DB8-1CDB-4CC5-9FF9-D296F7082A8A}.Release|x64.ActiveCfg = Release|x64
		{67914DB8-1CDB-4CC5-9FF9-D296F7082A8A}.Release|x64.Build.0 = Release|x64
		{67914DB8-1CDB-4CC5-9FF9-D296F7082A8A}.Release|x64.Deploy.0 = Release|x64
		{67914DB8-1CDB-4CC5-9FF9-D296F7082A8A}.Release|x86.ActiveCfg = Release|x86
		{67914DB8-1CDB-4CC5-9FF9-D296F7082A8A}.Release|x86.Build.0 = Release|x86
		{67914DB8-1CDB-4CC5-9FF9-D296F7082A8A}.Release|x86.Deploy.0 = Release|x86
		{63703D03-01E8-457E-AA87-041309AC5026}.Ad-Hoc|Any CPU.ActiveCfg = Debug|Any CPU
		{63703D03-01E8-457E-AA87-041309AC5026}.Ad-Hoc|Any CPU.Build.0 = Debug|Any CPU
		{63703D03-01E8-457E-AA87-041309AC5026}.Ad-Hoc|Any CPU.Deploy.0 = Debug|Any CPU
		{63703D03-01E8-457E-AA87-041309AC5026}.Ad-Hoc|ARM.ActiveCfg = Debug|Any CPU
		{63703D03-01E8-457E-AA87-041309AC5026}.Ad-Hoc|ARM.Build.0 = Debug|Any CPU
		{63703D03-01E8-457E-AA87-041309AC5026}.Ad-Hoc|ARM.Deploy.0 = Debug|Any CPU
		{63703D03-01E8-457E-AA87-041309AC5026}.Ad-Hoc|iPhone.ActiveCfg = Debug|Any CPU
		{63703D03-01E8-457E-AA87-041309AC5026}.Ad-Hoc|iPhone.Build.0 = Debug|Any CPU
		{63703D03-01E8-457E-AA87-041309AC5026}.Ad-Hoc|iPhone.Deploy.0 = Debug|Any CPU
		{63703D03-01E8-457E-AA87-041309AC5026}.Ad-Hoc|iPhoneSimulator.ActiveCfg = Debug|Any CPU
		{63703D03-01E8-457E-AA87-041309AC5026}.Ad-Hoc|iPhoneSimulator.Build.0 = Debug|Any CPU
		{63703D03-01E8-457E-AA87-041309AC5026}.Ad-Hoc|iPhoneSimulator.Deploy.0 = Debug|Any CPU
		{63703D03-01E8-457E-AA87-041309AC5026}.Ad-Hoc|x64.ActiveCfg = Debug|Any CPU
		{63703D03-01E8-457E-AA87-041309AC5026}.Ad-Hoc|x64.Build.0 = Debug|Any CPU
		{63703D03-01E8-457E-AA87-041309AC5026}.Ad-Hoc|x64.Deploy.0 = Debug|Any CPU
		{63703D03-01E8-457E-AA87-041309AC5026}.Ad-Hoc|x86.ActiveCfg = Debug|Any CPU
		{63703D03-01E8-457E-AA87-041309AC5026}.Ad-Hoc|x86.Build.0 = Debug|Any CPU
		{63703D03-01E8-457E-AA87-041309AC5026}.Ad-Hoc|x86.Deploy.0 = Debug|Any CPU
		{63703D03-01E8-457E-AA87-041309AC5026}.AppStore|Any CPU.ActiveCfg = Debug|Any CPU
		{63703D03-01E8-457E-AA87-041309AC5026}.AppStore|Any CPU.Build.0 = Debug|Any CPU
		{63703D03-01E8-457E-AA87-041309AC5026}.AppStore|Any CPU.Deploy.0 = Debug|Any CPU
		{63703D03-01E8-457E-AA87-041309AC5026}.AppStore|ARM.ActiveCfg = Debug|Any CPU
		{63703D03-01E8-457E-AA87-041309AC5026}.AppStore|ARM.Build.0 = Debug|Any CPU
		{63703D03-01E8-457E-AA87-041309AC5026}.AppStore|ARM.Deploy.0 = Debug|Any CPU
		{63703D03-01E8-457E-AA87-041309AC5026}.AppStore|iPhone.ActiveCfg = Debug|Any CPU
		{63703D03-01E8-457E-AA87-041309AC5026}.AppStore|iPhone.Build.0 = Debug|Any CPU
		{63703D03-01E8-457E-AA87-041309AC5026}.AppStore|iPhone.Deploy.0 = Debug|Any CPU
		{63703D03-01E8-457E-AA87-041309AC5026}.AppStore|iPhoneSimulator.ActiveCfg = Debug|Any CPU
		{63703D03-01E8-457E-AA87-041309AC5026}.AppStore|iPhoneSimulator.Build.0 = Debug|Any CPU
		{63703D03-01E8-457E-AA87-041309AC5026}.AppStore|iPhoneSimulator.Deploy.0 = Debug|Any CPU
		{63703D03-01E8-457E-AA87-041309AC5026}.AppStore|x64.ActiveCfg = Debug|Any CPU
		{63703D03-01E8-457E-AA87-041309AC5026}.AppStore|x64.Build.0 = Debug|Any CPU
		{63703D03-01E8-457E-AA87-041309AC5026}.AppStore|x64.Deploy.0 = Debug|Any CPU
		{63703D03-01E8-457E-AA87-041309AC5026}.AppStore|x86.ActiveCfg = Debug|Any CPU
		{63703D03-01E8-457E-AA87-041309AC5026}.AppStore|x86.Build.0 = Debug|Any CPU
		{63703D03-01E8-457E-AA87-041309AC5026}.AppStore|x86.Deploy.0 = Debug|Any CPU
		{63703D03-01E8-457E-AA87-041309AC5026}.Debug|Any CPU.ActiveCfg = Debug|Any CPU
		{63703D03-01E8-457E-AA87-041309AC5026}.Debug|Any CPU.Build.0 = Debug|Any CPU
		{63703D03-01E8-457E-AA87-041309AC5026}.Debug|Any CPU.Deploy.0 = Debug|Any CPU
		{63703D03-01E8-457E-AA87-041309AC5026}.Debug|ARM.ActiveCfg = Debug|Any CPU
		{63703D03-01E8-457E-AA87-041309AC5026}.Debug|ARM.Build.0 = Debug|Any CPU
		{63703D03-01E8-457E-AA87-041309AC5026}.Debug|ARM.Deploy.0 = Debug|Any CPU
		{63703D03-01E8-457E-AA87-041309AC5026}.Debug|iPhone.ActiveCfg = Debug|Any CPU
		{63703D03-01E8-457E-AA87-041309AC5026}.Debug|iPhone.Build.0 = Debug|Any CPU
		{63703D03-01E8-457E-AA87-041309AC5026}.Debug|iPhone.Deploy.0 = Debug|Any CPU
		{63703D03-01E8-457E-AA87-041309AC5026}.Debug|iPhoneSimulator.ActiveCfg = Debug|Any CPU
		{63703D03-01E8-457E-AA87-041309AC5026}.Debug|iPhoneSimulator.Build.0 = Debug|Any CPU
		{63703D03-01E8-457E-AA87-041309AC5026}.Debug|iPhoneSimulator.Deploy.0 = Debug|Any CPU
		{63703D03-01E8-457E-AA87-041309AC5026}.Debug|x64.ActiveCfg = Debug|Any CPU
		{63703D03-01E8-457E-AA87-041309AC5026}.Debug|x64.Build.0 = Debug|Any CPU
		{63703D03-01E8-457E-AA87-041309AC5026}.Debug|x64.Deploy.0 = Debug|Any CPU
		{63703D03-01E8-457E-AA87-041309AC5026}.Debug|x86.ActiveCfg = Debug|Any CPU
		{63703D03-01E8-457E-AA87-041309AC5026}.Debug|x86.Build.0 = Debug|Any CPU
		{63703D03-01E8-457E-AA87-041309AC5026}.Debug|x86.Deploy.0 = Debug|Any CPU
		{63703D03-01E8-457E-AA87-041309AC5026}.Release|Any CPU.ActiveCfg = Release|Any CPU
		{63703D03-01E8-457E-AA87-041309AC5026}.Release|Any CPU.Build.0 = Release|Any CPU
		{63703D03-01E8-457E-AA87-041309AC5026}.Release|Any CPU.Deploy.0 = Release|Any CPU
		{63703D03-01E8-457E-AA87-041309AC5026}.Release|ARM.ActiveCfg = Release|Any CPU
		{63703D03-01E8-457E-AA87-041309AC5026}.Release|ARM.Build.0 = Release|Any CPU
		{63703D03-01E8-457E-AA87-041309AC5026}.Release|ARM.Deploy.0 = Release|Any CPU
		{63703D03-01E8-457E-AA87-041309AC5026}.Release|iPhone.ActiveCfg = Release|Any CPU
		{63703D03-01E8-457E-AA87-041309AC5026}.Release|iPhone.Build.0 = Release|Any CPU
		{63703D03-01E8-457E-AA87-041309AC5026}.Release|iPhone.Deploy.0 = Release|Any CPU
		{63703D03-01E8-457E-AA87-041309AC5026}.Release|iPhoneSimulator.ActiveCfg = Release|Any CPU
		{63703D03-01E8-457E-AA87-041309AC5026}.Release|iPhoneSimulator.Build.0 = Release|Any CPU
		{63703D03-01E8-457E-AA87-041309AC5026}.Release|iPhoneSimulator.Deploy.0 = Release|Any CPU
		{63703D03-01E8-457E-AA87-041309AC5026}.Release|x64.ActiveCfg = Release|Any CPU
		{63703D03-01E8-457E-AA87-041309AC5026}.Release|x64.Build.0 = Release|Any CPU
		{63703D03-01E8-457E-AA87-041309AC5026}.Release|x64.Deploy.0 = Release|Any CPU
		{63703D03-01E8-457E-AA87-041309AC5026}.Release|x86.ActiveCfg = Release|Any CPU
		{63703D03-01E8-457E-AA87-041309AC5026}.Release|x86.Build.0 = Release|Any CPU
		{63703D03-01E8-457E-AA87-041309AC5026}.Release|x86.Deploy.0 = Release|Any CPU
	EndGlobalSection
	GlobalSection(SolutionProperties) = preSolution
		HideSolutionNode = FALSE
	EndGlobalSection
	GlobalSection(ExtensibilityGlobals) = postSolution
		SolutionGuid = {A8443018-0FC4-4744-BDCE-2A07FC635C2E}
	EndGlobalSection
EndGlobal
